
Microsoft Visual Studio Solution File, Format Version 12.00
# Visual Studio 2012
Project("{FAE04EC0-301F-11D3-BF4B-00C04F79EFBC}") = "DataCollection", "DataCollection\DataCollection.csproj", "{5945D933-6E6D-4BC7-852B-4840D628B060}"
EndProject
Project("{FAE04EC0-301F-11D3-BF4B-00C04F79EFBC}") = "DataPresentation", "DataPresentation\DataPresentation.csproj", "{CAC68FEB-B813-42A4-86F3-9B3D72BA1EED}"
EndProject
Project("{FAE04EC0-301F-11D3-BF4B-00C04F79EFBC}") = "DataPresentation.Tests", "DataPresentation.Tests\DataPresentation.Tests.csproj", "{8ABAD696-141E-407C-B2C4-B59CCF898B91}"
EndProject
Global
	GlobalSection(SolutionConfigurationPlatforms) = preSolution
		Debug|x86 = Debug|x86
		Release|x86 = Release|x86
	EndGlobalSection
	GlobalSection(ProjectConfigurationPlatforms) = postSolution
		{5945D933-6E6D-4BC7-852B-4840D628B060}.Debug|x86.ActiveCfg = Debug|x86
		{5945D933-6E6D-4BC7-852B-4840D628B060}.Debug|x86.Build.0 = Debug|x86
		{5945D933-6E6D-4BC7-852B-4840D628B060}.Release|x86.ActiveCfg = Release|x86
		{5945D933-6E6D-4BC7-852B-4840D628B060}.Release|x86.Build.0 = Release|x86
		{CAC68FEB-B813-42A4-86F3-9B3D72BA1EED}.Debug|x86.ActiveCfg = Debug|Any CPU
		{CAC68FEB-B813-42A4-86F3-9B3D72BA1EED}.Debug|x86.Build.0 = Debug|Any CPU
		{CAC68FEB-B813-42A4-86F3-9B3D72BA1EED}.Release|x86.ActiveCfg = Release|Any CPU
		{CAC68FEB-B813-42A4-86F3-9B3D72BA1EED}.Release|x86.Build.0 = Release|Any CPU
		{8ABAD696-141E-407C-B2C4-B59CCF898B91}.Debug|x86.ActiveCfg = Debug|Any CPU
		{8ABAD696-141E-407C-B2C4-B59CCF898B91}.Debug|x86.Build.0 = Debug|Any CPU
		{8ABAD696-141E-407C-B2C4-B59CCF898B91}.Release|x86.ActiveCfg = Release|Any CPU
		{8ABAD696-141E-407C-B2C4-B59CCF898B91}.Release|x86.Build.0 = Release|Any CPU
	EndGlobalSection
EndGlobal
